
Microsoft Visual Studio Solution File, Format Version 12.00
# Visual Studio Version 17
VisualStudioVersion = 17.8.34330.188
MinimumVisualStudioVersion = 10.0.40219.1
Project("{FAE04EC0-301F-11D3-BF4B-00C04F79EFBC}") = "MyRESTService", "MyRESTService\MyRESTService.csproj", "{C3E71871-2224-4D67-96AF-12DB8D757155}"
EndProject
Project("{FAE04EC0-301F-11D3-BF4B-00C04F79EFBC}") = "MyRESTService.Core", "wcfrestservice_erpmak\MyRESTService.Core.csproj", "{254F3D56-BCE8-4078-B681-04A4AC82CF8F}"
EndProject
Project("{FAE04EC0-301F-11D3-BF4B-00C04F79EFBC}") = "MyRESTService.Client", "WCFRestClient\MyRESTService.Client.csproj", "{5C543359-0C5A-440B-A297-EFCF98F8B354}"
EndProject
Global
	GlobalSection(SolutionConfigurationPlatforms) = preSolution
		Debug|Any CPU = Debug|Any CPU
		Release|Any CPU = Release|Any CPU
	EndGlobalSection
	GlobalSection(ProjectConfigurationPlatforms) = postSolution
		{C3E71871-2224-4D67-96AF-12DB8D757155}.Debug|Any CPU.ActiveCfg = Debug|Any CPU
		{C3E71871-2224-4D67-96AF-12DB8D757155}.Debug|Any CPU.Build.0 = Debug|Any CPU
		{C3E71871-2224-4D67-96AF-12DB8D757155}.Release|Any CPU.ActiveCfg = Release|Any CPU
		{C3E71871-2224-4D67-96AF-12DB8D757155}.Release|Any CPU.Build.0 = Release|Any CPU
		{254F3D56-BCE8-4078-B681-04A4AC82CF8F}.Debug|Any CPU.ActiveCfg = Debug|Any CPU
		{254F3D56-BCE8-4078-B681-04A4AC82CF8F}.Debug|Any CPU.Build.0 = Debug|Any CPU
		{254F3D56-BCE8-4078-B681-04A4AC82CF8F}.Release|Any CPU.ActiveCfg = Release|Any CPU
		{254F3D56-BCE8-4078-B681-04A4AC82CF8F}.Release|Any CPU.Build.0 = Release|Any CPU
		{5C543359-0C5A-440B-A297-EFCF98F8B354}.Debug|Any CPU.ActiveCfg = Debug|Any CPU
		{5C543359-0C5A-440B-A297-EFCF98F8B354}.Debug|Any CPU.Build.0 = Debug|Any CPU
		{5C543359-0C5A-440B-A297-EFCF98F8B354}.Release|Any CPU.ActiveCfg = Release|Any CPU
		{5C543359-0C5A-440B-A297-EFCF98F8B354}.Release|Any CPU.Build.0 = Release|Any CPU
	EndGlobalSection
	GlobalSection(SolutionProperties) = preSolution
		HideSolutionNode = FALSE
	EndGlobalSection
	GlobalSection(ExtensibilityGlobals) = postSolution
		SolutionGuid = {0C63376A-3C75-4B41-93D7-2FF93CB07773}
	EndGlobalSection
EndGlobal
